
Microsoft Visual Studio Solution File, Format Version 12.00
# Visual Studio Version 16
VisualStudioVersion = 16.0.31321.278
MinimumVisualStudioVersion = 10.0.40219.1
Project("{9A19103F-16F7-4668-BE54-9A1E7A4F7556}") = "Ticketing", "Ticketing\Ticketing.csproj", "{D117C88C-3061-4F24-A5AB-B871FEE2A7F2}"
EndProject
Global
	GlobalSection(SolutionConfigurationPlatforms) = preSolution
		Debug|Any CPU = Debug|Any CPU
		Release|Any CPU = Release|Any CPU
	EndGlobalSection
	GlobalSection(ProjectConfigurationPlatforms) = postSolution
		{D117C88C-3061-4F24-A5AB-B871FEE2A7F2}.Debug|Any CPU.ActiveCfg = Debug|Any CPU
		{D117C88C-3061-4F24-A5AB-B871FEE2A7F2}.Debug|Any CPU.Build.0 = Debug|Any CPU
		{D117C88C-3061-4F24-A5AB-B871FEE2A7F2}.Release|Any CPU.ActiveCfg = Release|Any CPU
		{D117C88C-3061-4F24-A5AB-B871FEE2A7F2}.Release|Any CPU.Build.0 = Release|Any CPU
	EndGlobalSection
	GlobalSection(SolutionProperties) = preSolution
		HideSolutionNode = FALSE
	EndGlobalSection
	GlobalSection(ExtensibilityGlobals) = postSolution
		SolutionGuid = {FB5AE4C0-E375-4F38-916C-AAEFAC547245}
	EndGlobalSection
EndGlobal
